
Microsoft Visual Studio Solution File, Format Version 12.00
# Visual Studio Version 16
VisualStudioVersion = 16.0.31205.134
MinimumVisualStudioVersion = 10.0.40219.1
Project("{FAE04EC0-301F-11D3-BF4B-00C04F79EFBC}") = "humor", "humor\humor.csproj", "{B5FD73D6-7CFC-46BA-A2A3-ACCE0FD4AFA7}"
EndProject
Global
	GlobalSection(SolutionConfigurationPlatforms) = preSolution
		Debug|Any CPU = Debug|Any CPU
		Release|Any CPU = Release|Any CPU
	EndGlobalSection
	GlobalSection(ProjectConfigurationPlatforms) = postSolution
		{B5FD73D6-7CFC-46BA-A2A3-ACCE0FD4AFA7}.Debug|Any CPU.ActiveCfg = Debug|Any CPU
		{B5FD73D6-7CFC-46BA-A2A3-ACCE0FD4AFA7}.Debug|Any CPU.Build.0 = Debug|Any CPU
		{B5FD73D6-7CFC-46BA-A2A3-ACCE0FD4AFA7}.Release|Any CPU.ActiveCfg = Release|Any CPU
		{B5FD73D6-7CFC-46BA-A2A3-ACCE0FD4AFA7}.Release|Any CPU.Build.0 = Release|Any CPU
	EndGlobalSection
	GlobalSection(SolutionProperties) = preSolution
		HideSolutionNode = FALSE
	EndGlobalSection
	GlobalSection(ExtensibilityGlobals) = postSolution
		SolutionGuid = {F937F576-3F64-4535-91F6-F672D9DDCA6C}
	EndGlobalSection
EndGlobal
