
Microsoft Visual Studio Solution File, Format Version 12.00
# Visual Studio Version 16
VisualStudioVersion = 16.0.31205.134
MinimumVisualStudioVersion = 10.0.40219.1
Project("{FAE04EC0-301F-11D3-BF4B-00C04F79EFBC}") = "teste picturebox", "teste picturebox\teste picturebox.csproj", "{159B71A7-44AB-4A50-8D2D-EFFAF1CDAE92}"
EndProject
Global
	GlobalSection(SolutionConfigurationPlatforms) = preSolution
		Debug|Any CPU = Debug|Any CPU
		Release|Any CPU = Release|Any CPU
	EndGlobalSection
	GlobalSection(ProjectConfigurationPlatforms) = postSolution
		{159B71A7-44AB-4A50-8D2D-EFFAF1CDAE92}.Debug|Any CPU.ActiveCfg = Debug|Any CPU
		{159B71A7-44AB-4A50-8D2D-EFFAF1CDAE92}.Debug|Any CPU.Build.0 = Debug|Any CPU
		{159B71A7-44AB-4A50-8D2D-EFFAF1CDAE92}.Release|Any CPU.ActiveCfg = Release|Any CPU
		{159B71A7-44AB-4A50-8D2D-EFFAF1CDAE92}.Release|Any CPU.Build.0 = Release|Any CPU
	EndGlobalSection
	GlobalSection(SolutionProperties) = preSolution
		HideSolutionNode = FALSE
	EndGlobalSection
	GlobalSection(ExtensibilityGlobals) = postSolution
		SolutionGuid = {85F9166F-170E-4D86-A14F-9AA52C045667}
	EndGlobalSection
EndGlobal
